
Microsoft Visual Studio Solution File, Format Version 12.00
# Visual Studio Version 17
VisualStudioVersion = 17.0.32112.339
MinimumVisualStudioVersion = 10.0.40219.1
Project("{9A19103F-16F7-4668-BE54-9A1E7A4F7556}") = "Application", "PayGen\Application.csproj", "{F9C65C61-220E-4198-A55C-212BA6F45E54}"
EndProject
Project("{9A19103F-16F7-4668-BE54-9A1E7A4F7556}") = "Payroll.Domain", "PayGen.Domain\Payroll.Domain.csproj", "{A76740B3-6CAE-49DC-970F-8E26AB8AB76D}"
EndProject
Project("{9A19103F-16F7-4668-BE54-9A1E7A4F7556}") = "Payroll.Infrastructure", "PayGen.Infrastructure\Payroll.Infrastructure.csproj", "{3885688C-9B4F-45CA-ADCD-3B72C84D6AA7}"
EndProject
Project("{2150E333-8FDC-42A3-9474-1A3956D46DE8}") = "tests", "tests", "{8DB95B84-E54A-4F74-8A86-4A6B7775B873}"
EndProject
Project("{FAE04EC0-301F-11D3-BF4B-00C04F79EFBC}") = "Application.Tests", "Application.Tests\Application.Tests.csproj", "{D468DC4C-DB3E-41EF-8E37-11CC18A64A08}"
EndProject
Project("{FAE04EC0-301F-11D3-BF4B-00C04F79EFBC}") = "Payroll.Domain.Tests", "Domain.Tests\Payroll.Domain.Tests.csproj", "{19969D6C-81EF-4AB6-810D-AB7B1E00F8F4}"
EndProject
Project("{FAE04EC0-301F-11D3-BF4B-00C04F79EFBC}") = "Payroll.Infrastructure", "Payroll.Infrastructure\Payroll.Infrastructure.csproj", "{9BA7CEB2-FE87-4DC6-B046-0D2379F25D17}"
EndProject
Global
	GlobalSection(SolutionConfigurationPlatforms) = preSolution
		Debug|Any CPU = Debug|Any CPU
		Release|Any CPU = Release|Any CPU
	EndGlobalSection
	GlobalSection(ProjectConfigurationPlatforms) = postSolution
		{F9C65C61-220E-4198-A55C-212BA6F45E54}.Debug|Any CPU.ActiveCfg = Debug|Any CPU
		{F9C65C61-220E-4198-A55C-212BA6F45E54}.Debug|Any CPU.Build.0 = Debug|Any CPU
		{F9C65C61-220E-4198-A55C-212BA6F45E54}.Release|Any CPU.ActiveCfg = Release|Any CPU
		{F9C65C61-220E-4198-A55C-212BA6F45E54}.Release|Any CPU.Build.0 = Release|Any CPU
		{A76740B3-6CAE-49DC-970F-8E26AB8AB76D}.Debug|Any CPU.ActiveCfg = Debug|Any CPU
		{A76740B3-6CAE-49DC-970F-8E26AB8AB76D}.Debug|Any CPU.Build.0 = Debug|Any CPU
		{A76740B3-6CAE-49DC-970F-8E26AB8AB76D}.Release|Any CPU.ActiveCfg = Release|Any CPU
		{A76740B3-6CAE-49DC-970F-8E26AB8AB76D}.Release|Any CPU.Build.0 = Release|Any CPU
		{3885688C-9B4F-45CA-ADCD-3B72C84D6AA7}.Debug|Any CPU.ActiveCfg = Debug|Any CPU
		{3885688C-9B4F-45CA-ADCD-3B72C84D6AA7}.Debug|Any CPU.Build.0 = Debug|Any CPU
		{3885688C-9B4F-45CA-ADCD-3B72C84D6AA7}.Release|Any CPU.ActiveCfg = Release|Any CPU
		{3885688C-9B4F-45CA-ADCD-3B72C84D6AA7}.Release|Any CPU.Build.0 = Release|Any CPU
		{D468DC4C-DB3E-41EF-8E37-11CC18A64A08}.Debug|Any CPU.ActiveCfg = Debug|Any CPU
		{D468DC4C-DB3E-41EF-8E37-11CC18A64A08}.Debug|Any CPU.Build.0 = Debug|Any CPU
		{D468DC4C-DB3E-41EF-8E37-11CC18A64A08}.Release|Any CPU.ActiveCfg = Release|Any CPU
		{D468DC4C-DB3E-41EF-8E37-11CC18A64A08}.Release|Any CPU.Build.0 = Release|Any CPU
		{19969D6C-81EF-4AB6-810D-AB7B1E00F8F4}.Debug|Any CPU.ActiveCfg = Debug|Any CPU
		{19969D6C-81EF-4AB6-810D-AB7B1E00F8F4}.Debug|Any CPU.Build.0 = Debug|Any CPU
		{19969D6C-81EF-4AB6-810D-AB7B1E00F8F4}.Release|Any CPU.ActiveCfg = Release|Any CPU
		{19969D6C-81EF-4AB6-810D-AB7B1E00F8F4}.Release|Any CPU.Build.0 = Release|Any CPU
		{9BA7CEB2-FE87-4DC6-B046-0D2379F25D17}.Debug|Any CPU.ActiveCfg = Debug|Any CPU
		{9BA7CEB2-FE87-4DC6-B046-0D2379F25D17}.Debug|Any CPU.Build.0 = Debug|Any CPU
		{9BA7CEB2-FE87-4DC6-B046-0D2379F25D17}.Release|Any CPU.ActiveCfg = Release|Any CPU
		{9BA7CEB2-FE87-4DC6-B046-0D2379F25D17}.Release|Any CPU.Build.0 = Release|Any CPU
	EndGlobalSection
	GlobalSection(SolutionProperties) = preSolution
		HideSolutionNode = FALSE
	EndGlobalSection
	GlobalSection(NestedProjects) = preSolution
		{D468DC4C-DB3E-41EF-8E37-11CC18A64A08} = {8DB95B84-E54A-4F74-8A86-4A6B7775B873}
		{19969D6C-81EF-4AB6-810D-AB7B1E00F8F4} = {8DB95B84-E54A-4F74-8A86-4A6B7775B873}
		{9BA7CEB2-FE87-4DC6-B046-0D2379F25D17} = {8DB95B84-E54A-4F74-8A86-4A6B7775B873}
	EndGlobalSection
	GlobalSection(ExtensibilityGlobals) = postSolution
		SolutionGuid = {7650179E-FE4D-4BF4-83CD-0852DE31C832}
	EndGlobalSection
EndGlobal
